
Microsoft Visual Studio Solution File, Format Version 12.00
# Visual Studio Version 17
VisualStudioVersion = 17.7.34202.233
MinimumVisualStudioVersion = 10.0.40219.1
Project("{FAE04EC0-301F-11D3-BF4B-00C04F79EFBC}") = "WindowsFormsApp1", "WindowsFormsApp1.csproj", "{C40B47CC-4775-47D8-AD29-8D42C7D3EA6B}"
EndProject
Global
	GlobalSection(SolutionConfigurationPlatforms) = preSolution
		Debug|Any CPU = Debug|Any CPU
		Release|Any CPU = Release|Any CPU
	EndGlobalSection
	GlobalSection(ProjectConfigurationPlatforms) = postSolution
		{C40B47CC-4775-47D8-AD29-8D42C7D3EA6B}.Debug|Any CPU.ActiveCfg = Debug|Any CPU
		{C40B47CC-4775-47D8-AD29-8D42C7D3EA6B}.Debug|Any CPU.Build.0 = Debug|Any CPU
		{C40B47CC-4775-47D8-AD29-8D42C7D3EA6B}.Release|Any CPU.ActiveCfg = Release|Any CPU
		{C40B47CC-4775-47D8-AD29-8D42C7D3EA6B}.Release|Any CPU.Build.0 = Release|Any CPU
	EndGlobalSection
	GlobalSection(SolutionProperties) = preSolution
		HideSolutionNode = FALSE
	EndGlobalSection
	GlobalSection(ExtensibilityGlobals) = postSolution
		SolutionGuid = {8B865EB0-E2DB-4B92-ACAA-4F91C8C75B67}
	EndGlobalSection
EndGlobal
